// !$*UTF8*$!
{
	archiveVersion = 1;
	classes = {
	};
	objectVersion = 46;
	objects = {

/* Begin PBXBuildFile section */
		B1CCCB47CA49AD88C8D9F405 /* Pods_Ethos.framework in Frameworks */ = {isa = PBXBuildFile; fileRef = 46587488D12BA0BDB6BD86EC /* Pods_Ethos.framework */; };
		BCE430A004D70F33175F7AD1 /* Pods_EthosUITests.framework in Frameworks */ = {isa = PBXBuildFile; fileRef = 67C2F7A290D59FA73DCB7562 /* Pods_EthosUITests.framework */; };
		D20315C21D94A47B00BD9786 /* invalid_image.png in Resources */ = {isa = PBXBuildFile; fileRef = D20315C11D94A47B00BD9786 /* invalid_image.png */; };
		D209B94C1D829BB10060F135 /* CFNetwork.framework in Frameworks */ = {isa = PBXBuildFile; fileRef = D209B94B1D829BB10060F135 /* CFNetwork.framework */; };
		D210AEB01D8CA86F00EF96B1 /* ic_link_2x.png in Resources */ = {isa = PBXBuildFile; fileRef = D210AEAF1D8CA86F00EF96B1 /* ic_link_2x.png */; };
		D214F4A21D93518A0059F8CB /* LinkViewBox.xib in Resources */ = {isa = PBXBuildFile; fileRef = D214F4A11D93518A0059F8CB /* LinkViewBox.xib */; };
		D214F4A41D9355EB0059F8CB /* LnikViewer.swift in Sources */ = {isa = PBXBuildFile; fileRef = D214F4A31D9355EB0059F8CB /* LnikViewer.swift */; };
		D214F4E21D93A1B80059F8CB /* PostXib.xib in Resources */ = {isa = PBXBuildFile; fileRef = D214F4E11D93A1B80059F8CB /* PostXib.xib */; };
		D214F4E41D93A3810059F8CB /* OPCard.swift in Sources */ = {isa = PBXBuildFile; fileRef = D214F4E31D93A3810059F8CB /* OPCard.swift */; };
		D214F4E81D9453B70059F8CB /* ic_keyboard_backspace_white_2x.png in Resources */ = {isa = PBXBuildFile; fileRef = D214F4E71D9453B70059F8CB /* ic_keyboard_backspace_white_2x.png */; };
		D22419141D7922030093302D /* WebKit.framework in Frameworks */ = {isa = PBXBuildFile; fileRef = D22419131D7922030093302D /* WebKit.framework */; };
		D2385CE11D77C95C0086FADC /* PostCard.swift in Sources */ = {isa = PBXBuildFile; fileRef = D2385CE01D77C95C0086FADC /* PostCard.swift */; };
		D2385CE31D7812610086FADC /* Auth0.plist in Resources */ = {isa = PBXBuildFile; fileRef = D2385CE21D7812610086FADC /* Auth0.plist */; };
		D24604081D9CEA6300327386 /* mba.wav in Resources */ = {isa = PBXBuildFile; fileRef = D24604071D9CEA6300327386 /* mba.wav */; };
		D24922141DA80DC5002C6DE5 /* CreateGroupViewController.swift in Sources */ = {isa = PBXBuildFile; fileRef = D24922131DA80DC5002C6DE5 /* CreateGroupViewController.swift */; };
		D24DB4C51DA1F2F10040D079 /* GroupRecommend.xib in Resources */ = {isa = PBXBuildFile; fileRef = D24DB4C41DA1F2F10040D079 /* GroupRecommend.xib */; };
		D24DB4C71DA1F42A0040D079 /* GroupRecommend.swift in Sources */ = {isa = PBXBuildFile; fileRef = D24DB4C61DA1F42A0040D079 /* GroupRecommend.swift */; };
		D25DCF9C1D98A520000A98CF /* GoogleService-Info.plist in Resources */ = {isa = PBXBuildFile; fileRef = D25DCF9B1D98A520000A98CF /* GoogleService-Info.plist */; };
		D25DCF9E1D98BC0B000A98CF /* PushKit.framework in Frameworks */ = {isa = PBXBuildFile; fileRef = D25DCF9D1D98BC0B000A98CF /* PushKit.framework */; };
		D26A175A1D8246C9004933B2 /* Bolts.framework in Frameworks */ = {isa = PBXBuildFile; fileRef = D26A17591D8246C9004933B2 /* Bolts.framework */; };
		D26F93F41D971657004657B9 /* NotifTableViewCell.swift in Sources */ = {isa = PBXBuildFile; fileRef = D26F93F31D971657004657B9 /* NotifTableViewCell.swift */; };
		D275BBA71D808D2E0052152D /* PostBox.swift in Sources */ = {isa = PBXBuildFile; fileRef = D275BBA61D808D2E0052152D /* PostBox.swift */; };
		D275BBA91D809FA80052152D /* ic_menu.png in Resources */ = {isa = PBXBuildFile; fileRef = D275BBA81D809FA80052152D /* ic_menu.png */; };
		D275BBAB1D80A2EF0052152D /* ic_home.png in Resources */ = {isa = PBXBuildFile; fileRef = D275BBAA1D80A2EF0052152D /* ic_home.png */; };
		D275BBAD1D80A38E0052152D /* ic_textsms.png in Resources */ = {isa = PBXBuildFile; fileRef = D275BBAC1D80A38E0052152D /* ic_textsms.png */; };
		D275BBAF1D80CD540052152D /* Raleway-Italic.ttf in Resources */ = {isa = PBXBuildFile; fileRef = D275BBAE1D80CCF60052152D /* Raleway-Italic.ttf */; };
		D275BBB11D80F84A0052152D /* NotifyTableViewController.swift in Sources */ = {isa = PBXBuildFile; fileRef = D275BBB01D80F84A0052152D /* NotifyTableViewController.swift */; };
		D275BBB31D823BCC0052152D /* ic_favorite.png in Resources */ = {isa = PBXBuildFile; fileRef = D275BBB21D823BCC0052152D /* ic_favorite.png */; };
		D275BBB51D823C060052152D /* ic_comment.png in Resources */ = {isa = PBXBuildFile; fileRef = D275BBB41D823C060052152D /* ic_comment.png */; };
		D275BBB71D823C200052152D /* ic_favorite_border.png in Resources */ = {isa = PBXBuildFile; fileRef = D275BBB61D823C200052152D /* ic_favorite_border.png */; };
		D275BBB91D82425A0052152D /* LoginViewController.swift in Sources */ = {isa = PBXBuildFile; fileRef = D275BBB81D82425A0052152D /* LoginViewController.swift */; };
		D275BBBC1D82439D0052152D /* FBSDKCoreKit.framework in Frameworks */ = {isa = PBXBuildFile; fileRef = D275BBBA1D82439D0052152D /* FBSDKCoreKit.framework */; };
		D275BBBD1D82439E0052152D /* FBSDKLoginKit.framework in Frameworks */ = {isa = PBXBuildFile; fileRef = D275BBBB1D82439D0052152D /* FBSDKLoginKit.framework */; };
		D28764801D8D3AE80002B01A /* ic_photo_camera_2x.png in Resources */ = {isa = PBXBuildFile; fileRef = D287647F1D8D3AE80002B01A /* ic_photo_camera_2x.png */; };
		D28764841D8E24D00002B01A /* icon.png in Resources */ = {isa = PBXBuildFile; fileRef = D28764831D8E24D00002B01A /* icon.png */; };
		D293CD4E1D8A107B00F78828 /* QuartzCore.framework in Frameworks */ = {isa = PBXBuildFile; fileRef = D293CD4D1D8A107B00F78828 /* QuartzCore.framework */; };
		D293CD501D8A108000F78828 /* CoreGraphics.framework in Frameworks */ = {isa = PBXBuildFile; fileRef = D293CD4F1D8A108000F78828 /* CoreGraphics.framework */; };
		D293CD521D8A108500F78828 /* Accelerate.framework in Frameworks */ = {isa = PBXBuildFile; fileRef = D293CD511D8A108500F78828 /* Accelerate.framework */; };
		D2983CD31D765CC700D79F54 /* CardStackTableViewController.swift in Sources */ = {isa = PBXBuildFile; fileRef = D2983CD21D765CC700D79F54 /* CardStackTableViewController.swift */; };
		D2983CD91D767D6F00D79F54 /* rale_reg.ttf in Resources */ = {isa = PBXBuildFile; fileRef = D2983CD41D767D6000D79F54 /* rale_reg.ttf */; };
		D2983CDA1D767D6F00D79F54 /* rale_thin.ttf in Resources */ = {isa = PBXBuildFile; fileRef = D2983CD51D767D6100D79F54 /* rale_thin.ttf */; };
		D2983CDB1D767D6F00D79F54 /* rale_bold.ttf in Resources */ = {isa = PBXBuildFile; fileRef = D2983CD61D767D6100D79F54 /* rale_bold.ttf */; };
		D2983CDC1D767D6F00D79F54 /* rale_light.ttf in Resources */ = {isa = PBXBuildFile; fileRef = D2983CD71D767D6100D79F54 /* rale_light.ttf */; };
		D2983CDD1D767D6F00D79F54 /* lobster.otf in Resources */ = {isa = PBXBuildFile; fileRef = D2983CD81D767D6100D79F54 /* lobster.otf */; };
		D2983CDF1D768D3200D79F54 /* BizCardTableViewCell.swift in Sources */ = {isa = PBXBuildFile; fileRef = D2983CDE1D768D3200D79F54 /* BizCardTableViewCell.swift */; };
		D2983CE31D76A70000D79F54 /* add.png in Resources */ = {isa = PBXBuildFile; fileRef = D2983CE21D76A70000D79F54 /* add.png */; };
		D2983CE51D76A7C100D79F54 /* book.png in Resources */ = {isa = PBXBuildFile; fileRef = D2983CE41D76A7C100D79F54 /* book.png */; };
		D2983D231D7791D300D79F54 /* BarButton.swift in Sources */ = {isa = PBXBuildFile; fileRef = D2983D221D7791D300D79F54 /* BarButton.swift */; };
		D29EEFCB1D7654F6001467C3 /* AppDelegate.swift in Sources */ = {isa = PBXBuildFile; fileRef = D29EEFCA1D7654F6001467C3 /* AppDelegate.swift */; };
		D29EEFCD1D7654F6001467C3 /* ViewController.swift in Sources */ = {isa = PBXBuildFile; fileRef = D29EEFCC1D7654F6001467C3 /* ViewController.swift */; };
		D29EEFD01D7654F6001467C3 /* Main.storyboard in Resources */ = {isa = PBXBuildFile; fileRef = D29EEFCE1D7654F6001467C3 /* Main.storyboard */; };
		D29EEFD21D7654F6001467C3 /* Assets.xcassets in Resources */ = {isa = PBXBuildFile; fileRef = D29EEFD11D7654F6001467C3 /* Assets.xcassets */; };
		D29EEFD51D7654F6001467C3 /* LaunchScreen.storyboard in Resources */ = {isa = PBXBuildFile; fileRef = D29EEFD31D7654F6001467C3 /* LaunchScreen.storyboard */; };
		D29EEFE01D7654F7001467C3 /* EthosTests.swift in Sources */ = {isa = PBXBuildFile; fileRef = D29EEFDF1D7654F7001467C3 /* EthosTests.swift */; };
		D29EEFEB1D7654F7001467C3 /* EthosUITests.swift in Sources */ = {isa = PBXBuildFile; fileRef = D29EEFEA1D7654F7001467C3 /* EthosUITests.swift */; };
		D2A5BD451DA31CF7003FBD42 /* JoinBar.xib in Resources */ = {isa = PBXBuildFile; fileRef = D2A5BD441DA31CF7003FBD42 /* JoinBar.xib */; };
		D2A5BD471DA31DAF003FBD42 /* JoinBar.swift in Sources */ = {isa = PBXBuildFile; fileRef = D2A5BD461DA31DAF003FBD42 /* JoinBar.swift */; };
		D2B559F41D99D83500F8C7C5 /* PostBoxXib.xib in Resources */ = {isa = PBXBuildFile; fileRef = D2B559F31D99D83500F8C7C5 /* PostBoxXib.xib */; };
		D2B833BB1DA4E0C6009DC536 /* slide.jpeg in Resources */ = {isa = PBXBuildFile; fileRef = D2B833BA1DA4E0C6009DC536 /* slide.jpeg */; };
		D2B833BD1DA4E16B009DC536 /* slide2.PNG in Resources */ = {isa = PBXBuildFile; fileRef = D2B833BC1DA4E16A009DC536 /* slide2.PNG */; };
		D2B833BF1DA4E192009DC536 /* slide3.PNG in Resources */ = {isa = PBXBuildFile; fileRef = D2B833BE1DA4E192009DC536 /* slide3.PNG */; };
		D2B833C11DA4EC61009DC536 /* IntroGroupsTableViewController.swift in Sources */ = {isa = PBXBuildFile; fileRef = D2B833C01DA4EC61009DC536 /* IntroGroupsTableViewController.swift */; };
		D2C2B1C81DA4B81700356F4B /* more.png in Resources */ = {isa = PBXBuildFile; fileRef = D2C2B1C71DA4B81700356F4B /* more.png */; };
		D2CCB5721D9721B200AD0FED /* OneCardViewController.swift in Sources */ = {isa = PBXBuildFile; fileRef = D2CCB5711D9721B200AD0FED /* OneCardViewController.swift */; };
		D2CCB5741D9756B500AD0FED /* ic_people.png in Resources */ = {isa = PBXBuildFile; fileRef = D2CCB5731D9756B500AD0FED /* ic_people.png */; };
		D2CCB5761D97574400AD0FED /* GroupTableViewCell.swift in Sources */ = {isa = PBXBuildFile; fileRef = D2CCB5751D97574400AD0FED /* GroupTableViewCell.swift */; };
		D2CCB5781D975ABF00AD0FED /* GroupTableViewController.swift in Sources */ = {isa = PBXBuildFile; fileRef = D2CCB5771D975ABF00AD0FED /* GroupTableViewController.swift */; };
		D2CCB57A1D97609E00AD0FED /* GroupCard.swift in Sources */ = {isa = PBXBuildFile; fileRef = D2CCB5791D97609E00AD0FED /* GroupCard.swift */; };
		D2CCB57C1D984C2900AD0FED /* EthosAPI.swift in Sources */ = {isa = PBXBuildFile; fileRef = D2CCB57B1D984C2900AD0FED /* EthosAPI.swift */; };
		D2D429121D807DFD00188991 /* BarButton.swift in Sources */ = {isa = PBXBuildFile; fileRef = D2983D221D7791D300D79F54 /* BarButton.swift */; };
		D2D6541B1DA6FC3500B73859 /* TermsView.xib in Resources */ = {isa = PBXBuildFile; fileRef = D2D6541A1DA6FC3500B73859 /* TermsView.xib */; };
		D2D6541D1DA7066800B73859 /* MessageUI.framework in Frameworks */ = {isa = PBXBuildFile; fileRef = D2D6541C1DA7066800B73859 /* MessageUI.framework */; };
		D2DE1A631DA6F33F00226509 /* newshot.jpg in Resources */ = {isa = PBXBuildFile; fileRef = D2DE1A621DA6F33F00226509 /* newshot.jpg */; };
		D2E552131D9B9C4200F4F9B6 /* GroupViewController.swift in Sources */ = {isa = PBXBuildFile; fileRef = D2E552121D9B9C4200F4F9B6 /* GroupViewController.swift */; };
		D2E880761D9F1CF900C7C83A /* SafariServices.framework in Frameworks */ = {isa = PBXBuildFile; fileRef = D2E880751D9F1CF900C7C83A /* SafariServices.framework */; };
		D2E880781D9F8C0C00C7C83A /* EmojiBar.xib in Resources */ = {isa = PBXBuildFile; fileRef = D2E880771D9F8C0C00C7C83A /* EmojiBar.xib */; };
		D2E8807A1D9F8D8200C7C83A /* EmojiBar.swift in Sources */ = {isa = PBXBuildFile; fileRef = D2E880791D9F8D8200C7C83A /* EmojiBar.swift */; };
		D2E8807C1DA0724500C7C83A /* ic_plus.png in Resources */ = {isa = PBXBuildFile; fileRef = D2E8807B1DA0724500C7C83A /* ic_plus.png */; };
		D2E8807E1DA072F100C7C83A /* ic_person.png in Resources */ = {isa = PBXBuildFile; fileRef = D2E8807D1DA072F100C7C83A /* ic_person.png */; };
		D2E880861DA0814400C7C83A /* ProfileViewController.swift in Sources */ = {isa = PBXBuildFile; fileRef = D2E880851DA0814400C7C83A /* ProfileViewController.swift */; };
		D2E880881DA081C500C7C83A /* ic_add_white.png in Resources */ = {isa = PBXBuildFile; fileRef = D2E880871DA081C500C7C83A /* ic_add_white.png */; };
		D2E8808A1DA0890100C7C83A /* SearchGroupsTableViewController.swift in Sources */ = {isa = PBXBuildFile; fileRef = D2E880891DA0890100C7C83A /* SearchGroupsTableViewController.swift */; };
		D2E8808C1DA0D21100C7C83A /* SearchGroupsViewController.swift in Sources */ = {isa = PBXBuildFile; fileRef = D2E8808B1DA0D21100C7C83A /* SearchGroupsViewController.swift */; };
		D2FBDE2F1D9E36C300378954 /* ic_send.png in Resources */ = {isa = PBXBuildFile; fileRef = D2FBDE2E1D9E36C300378954 /* ic_send.png */; };
		D2FBDE311D9E3BFC00378954 /* ic_send_2x.png in Resources */ = {isa = PBXBuildFile; fileRef = D2FBDE301D9E3BFC00378954 /* ic_send_2x.png */; };
		D2FE65C61DA4BF2A004AD30B /* IntroViewController.swift in Sources */ = {isa = PBXBuildFile; fileRef = D2FE65C51DA4BF2A004AD30B /* IntroViewController.swift */; };
		E803E7080D19883366BE6917 /* Pods_EthosTests.framework in Frameworks */ = {isa = PBXBuildFile; fileRef = C210F9CE639AC170305AF28D /* Pods_EthosTests.framework */; };
/* End PBXBuildFile section */

/* Begin PBXContainerItemProxy section */
		D29EEFDC1D7654F7001467C3 /* PBXContainerItemProxy */ = {
			isa = PBXContainerItemProxy;
			containerPortal = D29EEFBF1D7654F6001467C3 /* Project object */;
			proxyType = 1;
			remoteGlobalIDString = D29EEFC61D7654F6001467C3;
			remoteInfo = Ethos;
		};
		D29EEFE71D7654F7001467C3 /* PBXContainerItemProxy */ = {
			isa = PBXContainerItemProxy;
			containerPortal = D29EEFBF1D7654F6001467C3 /* Project object */;
			proxyType = 1;
			remoteGlobalIDString = D29EEFC61D7654F6001467C3;
			remoteInfo = Ethos;
		};
/* End PBXContainerItemProxy section */

/* Begin PBXFileReference section */
		445AF566C16ED71FB9A28DC0 /* Pods-EthosTests.debug.xcconfig */ = {isa = PBXFileReference; includeInIndex = 1; lastKnownFileType = text.xcconfig; name = "Pods-EthosTests.debug.xcconfig"; path = "Pods/Target Support Files/Pods-EthosTests/Pods-EthosTests.debug.xcconfig"; sourceTree = "<group>"; };
		46587488D12BA0BDB6BD86EC /* Pods_Ethos.framework */ = {isa = PBXFileReference; explicitFileType = wrapper.framework; includeInIndex = 0; path = Pods_Ethos.framework; sourceTree = BUILT_PRODUCTS_DIR; };
		5408AA4EDCFAE0D5E1DCCE72 /* Pods-EthosUITests.debug.xcconfig */ = {isa = PBXFileReference; includeInIndex = 1; lastKnownFileType = text.xcconfig; name = "Pods-EthosUITests.debug.xcconfig"; path = "Pods/Target Support Files/Pods-EthosUITests/Pods-EthosUITests.debug.xcconfig"; sourceTree = "<group>"; };
		67C2F7A290D59FA73DCB7562 /* Pods_EthosUITests.framework */ = {isa = PBXFileReference; explicitFileType = wrapper.framework; includeInIndex = 0; path = Pods_EthosUITests.framework; sourceTree = BUILT_PRODUCTS_DIR; };
		915EAEE4B8B7C4355B43A99E /* Pods-Ethos.debug.xcconfig */ = {isa = PBXFileReference; includeInIndex = 1; lastKnownFileType = text.xcconfig; name = "Pods-Ethos.debug.xcconfig"; path = "Pods/Target Support Files/Pods-Ethos/Pods-Ethos.debug.xcconfig"; sourceTree = "<group>"; };
		BED51C939254871AEDA554E7 /* Pods-EthosTests.release.xcconfig */ = {isa = PBXFileReference; includeInIndex = 1; lastKnownFileType = text.xcconfig; name = "Pods-EthosTests.release.xcconfig"; path = "Pods/Target Support Files/Pods-EthosTests/Pods-EthosTests.release.xcconfig"; sourceTree = "<group>"; };
		C210F9CE639AC170305AF28D /* Pods_EthosTests.framework */ = {isa = PBXFileReference; explicitFileType = wrapper.framework; includeInIndex = 0; path = Pods_EthosTests.framework; sourceTree = BUILT_PRODUCTS_DIR; };
		D20315C11D94A47B00BD9786 /* invalid_image.png */ = {isa = PBXFileReference; lastKnownFileType = image.png; path = invalid_image.png; sourceTree = "<group>"; };
		D209B94B1D829BB10060F135 /* CFNetwork.framework */ = {isa = PBXFileReference; lastKnownFileType = wrapper.framework; name = CFNetwork.framework; path = System/Library/Frameworks/CFNetwork.framework; sourceTree = SDKROOT; };
		D210AEAF1D8CA86F00EF96B1 /* ic_link_2x.png */ = {isa = PBXFileReference; lastKnownFileType = image.png; name = ic_link_2x.png; path = ../../../Downloads/ic_link_black_24dp/ios/ic_link.imageset/ic_link_2x.png; sourceTree = "<group>"; };
		D214F4A11D93518A0059F8CB /* LinkViewBox.xib */ = {isa = PBXFileReference; fileEncoding = 4; lastKnownFileType = file.xib; path = LinkViewBox.xib; sourceTree = "<group>"; };
		D214F4A31D9355EB0059F8CB /* LnikViewer.swift */ = {isa = PBXFileReference; fileEncoding = 4; lastKnownFileType = sourcecode.swift; path = LnikViewer.swift; sourceTree = "<group>"; };
		D214F4E11D93A1B80059F8CB /* PostXib.xib */ = {isa = PBXFileReference; fileEncoding = 4; lastKnownFileType = file.xib; path = PostXib.xib; sourceTree = "<group>"; };
		D214F4E31D93A3810059F8CB /* OPCard.swift */ = {isa = PBXFileReference; fileEncoding = 4; lastKnownFileType = sourcecode.swift; path = OPCard.swift; sourceTree = "<group>"; };
		D214F4E71D9453B70059F8CB /* ic_keyboard_backspace_white_2x.png */ = {isa = PBXFileReference; lastKnownFileType = image.png; path = ic_keyboard_backspace_white_2x.png; sourceTree = "<group>"; };
		D22419131D7922030093302D /* WebKit.framework */ = {isa = PBXFileReference; lastKnownFileType = wrapper.framework; name = WebKit.framework; path = System/Library/Frameworks/WebKit.framework; sourceTree = SDKROOT; };
		D2385CE01D77C95C0086FADC /* PostCard.swift */ = {isa = PBXFileReference; fileEncoding = 4; lastKnownFileType = sourcecode.swift; path = PostCard.swift; sourceTree = "<group>"; };
		D2385CE21D7812610086FADC /* Auth0.plist */ = {isa = PBXFileReference; fileEncoding = 4; lastKnownFileType = text.plist.xml; path = Auth0.plist; sourceTree = "<group>"; };
		D24604071D9CEA6300327386 /* mba.wav */ = {isa = PBXFileReference; lastKnownFileType = audio.wav; path = mba.wav; sourceTree = "<group>"; };
		D24922131DA80DC5002C6DE5 /* CreateGroupViewController.swift */ = {isa = PBXFileReference; fileEncoding = 4; lastKnownFileType = sourcecode.swift; path = CreateGroupViewController.swift; sourceTree = "<group>"; };
		D24DB4C41DA1F2F10040D079 /* GroupRecommend.xib */ = {isa = PBXFileReference; fileEncoding = 4; lastKnownFileType = file.xib; path = GroupRecommend.xib; sourceTree = "<group>"; };
		D24DB4C61DA1F42A0040D079 /* GroupRecommend.swift */ = {isa = PBXFileReference; fileEncoding = 4; lastKnownFileType = sourcecode.swift; path = GroupRecommend.swift; sourceTree = "<group>"; };
		D25DCF9B1D98A520000A98CF /* GoogleService-Info.plist */ = {isa = PBXFileReference; fileEncoding = 4; lastKnownFileType = text.plist.xml; path = "GoogleService-Info.plist"; sourceTree = "<group>"; };
		D25DCF9D1D98BC0B000A98CF /* PushKit.framework */ = {isa = PBXFileReference; lastKnownFileType = wrapper.framework; name = PushKit.framework; path = System/Library/Frameworks/PushKit.framework; sourceTree = SDKROOT; };
		D26A17591D8246C9004933B2 /* Bolts.framework */ = {isa = PBXFileReference; lastKnownFileType = wrapper.framework; path = Bolts.framework; sourceTree = "<group>"; };
		D26F93F31D971657004657B9 /* NotifTableViewCell.swift */ = {isa = PBXFileReference; fileEncoding = 4; lastKnownFileType = sourcecode.swift; path = NotifTableViewCell.swift; sourceTree = "<group>"; };
		D275BBA61D808D2E0052152D /* PostBox.swift */ = {isa = PBXFileReference; fileEncoding = 4; lastKnownFileType = sourcecode.swift; name = PostBox.swift; path = ../PostBox.swift; sourceTree = "<group>"; };
		D275BBA81D809FA80052152D /* ic_menu.png */ = {isa = PBXFileReference; lastKnownFileType = image.png; path = ic_menu.png; sourceTree = "<group>"; };
		D275BBAA1D80A2EF0052152D /* ic_home.png */ = {isa = PBXFileReference; lastKnownFileType = image.png; path = ic_home.png; sourceTree = "<group>"; };
		D275BBAC1D80A38E0052152D /* ic_textsms.png */ = {isa = PBXFileReference; lastKnownFileType = image.png; path = ic_textsms.png; sourceTree = "<group>"; };
		D275BBAE1D80CCF60052152D /* Raleway-Italic.ttf */ = {isa = PBXFileReference; lastKnownFileType = file; path = "Raleway-Italic.ttf"; sourceTree = "<group>"; };
		D275BBB01D80F84A0052152D /* NotifyTableViewController.swift */ = {isa = PBXFileReference; fileEncoding = 4; lastKnownFileType = sourcecode.swift; path = NotifyTableViewController.swift; sourceTree = "<group>"; };
		D275BBB21D823BCC0052152D /* ic_favorite.png */ = {isa = PBXFileReference; lastKnownFileType = image.png; path = ic_favorite.png; sourceTree = "<group>"; };
		D275BBB41D823C060052152D /* ic_comment.png */ = {isa = PBXFileReference; lastKnownFileType = image.png; path = ic_comment.png; sourceTree = "<group>"; };
		D275BBB61D823C200052152D /* ic_favorite_border.png */ = {isa = PBXFileReference; lastKnownFileType = image.png; path = ic_favorite_border.png; sourceTree = "<group>"; };
		D275BBB81D82425A0052152D /* LoginViewController.swift */ = {isa = PBXFileReference; fileEncoding = 4; lastKnownFileType = sourcecode.swift; path = LoginViewController.swift; sourceTree = "<group>"; };
		D275BBBA1D82439D0052152D /* FBSDKCoreKit.framework */ = {isa = PBXFileReference; lastKnownFileType = wrapper.framework; path = FBSDKCoreKit.framework; sourceTree = "<group>"; };
		D275BBBB1D82439D0052152D /* FBSDKLoginKit.framework */ = {isa = PBXFileReference; lastKnownFileType = wrapper.framework; path = FBSDKLoginKit.framework; sourceTree = "<group>"; };
		D287647F1D8D3AE80002B01A /* ic_photo_camera_2x.png */ = {isa = PBXFileReference; lastKnownFileType = image.png; path = ic_photo_camera_2x.png; sourceTree = "<group>"; };
		D28764831D8E24D00002B01A /* icon.png */ = {isa = PBXFileReference; lastKnownFileType = image.png; path = icon.png; sourceTree = "<group>"; };
		D290329E1D90CDF300DAFD9F /* Ethos.entitlements */ = {isa = PBXFileReference; lastKnownFileType = text.plist.entitlements; path = Ethos.entitlements; sourceTree = "<group>"; };
		D293CD4D1D8A107B00F78828 /* QuartzCore.framework */ = {isa = PBXFileReference; lastKnownFileType = wrapper.framework; name = QuartzCore.framework; path = System/Library/Frameworks/QuartzCore.framework; sourceTree = SDKROOT; };
		D293CD4F1D8A108000F78828 /* CoreGraphics.framework */ = {isa = PBXFileReference; lastKnownFileType = wrapper.framework; name = CoreGraphics.framework; path = System/Library/Frameworks/CoreGraphics.framework; sourceTree = SDKROOT; };
		D293CD511D8A108500F78828 /* Accelerate.framework */ = {isa = PBXFileReference; lastKnownFileType = wrapper.framework; name = Accelerate.framework; path = System/Library/Frameworks/Accelerate.framework; sourceTree = SDKROOT; };
		D2983CD21D765CC700D79F54 /* CardStackTableViewController.swift */ = {isa = PBXFileReference; fileEncoding = 4; lastKnownFileType = sourcecode.swift; path = CardStackTableViewController.swift; sourceTree = "<group>"; };
		D2983CD41D767D6000D79F54 /* rale_reg.ttf */ = {isa = PBXFileReference; lastKnownFileType = file; path = rale_reg.ttf; sourceTree = "<group>"; };
		D2983CD51D767D6100D79F54 /* rale_thin.ttf */ = {isa = PBXFileReference; lastKnownFileType = file; path = rale_thin.ttf; sourceTree = "<group>"; };
		D2983CD61D767D6100D79F54 /* rale_bold.ttf */ = {isa = PBXFileReference; lastKnownFileType = file; path = rale_bold.ttf; sourceTree = "<group>"; };
		D2983CD71D767D6100D79F54 /* rale_light.ttf */ = {isa = PBXFileReference; lastKnownFileType = file; path = rale_light.ttf; sourceTree = "<group>"; };
		D2983CD81D767D6100D79F54 /* lobster.otf */ = {isa = PBXFileReference; lastKnownFileType = file; path = lobster.otf; sourceTree = "<group>"; };
		D2983CDE1D768D3200D79F54 /* BizCardTableViewCell.swift */ = {isa = PBXFileReference; fileEncoding = 4; lastKnownFileType = sourcecode.swift; path = BizCardTableViewCell.swift; sourceTree = "<group>"; };
		D2983CE21D76A70000D79F54 /* add.png */ = {isa = PBXFileReference; lastKnownFileType = image.png; path = add.png; sourceTree = "<group>"; };
		D2983CE41D76A7C100D79F54 /* book.png */ = {isa = PBXFileReference; lastKnownFileType = image.png; path = book.png; sourceTree = "<group>"; };
		D2983D221D7791D300D79F54 /* BarButton.swift */ = {isa = PBXFileReference; fileEncoding = 4; lastKnownFileType = sourcecode.swift; name = BarButton.swift; path = ../BarButton.swift; sourceTree = "<group>"; };
		D29EEFC71D7654F6001467C3 /* Ethos.app */ = {isa = PBXFileReference; explicitFileType = wrapper.application; includeInIndex = 0; path = Ethos.app; sourceTree = BUILT_PRODUCTS_DIR; };
		D29EEFCA1D7654F6001467C3 /* AppDelegate.swift */ = {isa = PBXFileReference; lastKnownFileType = sourcecode.swift; path = AppDelegate.swift; sourceTree = "<group>"; };
		D29EEFCC1D7654F6001467C3 /* ViewController.swift */ = {isa = PBXFileReference; lastKnownFileType = sourcecode.swift; path = ViewController.swift; sourceTree = "<group>"; };
		D29EEFCF1D7654F6001467C3 /* Base */ = {isa = PBXFileReference; lastKnownFileType = file.storyboard; name = Base; path = Base.lproj/Main.storyboard; sourceTree = "<group>"; };
		D29EEFD11D7654F6001467C3 /* Assets.xcassets */ = {isa = PBXFileReference; lastKnownFileType = folder.assetcatalog; path = Assets.xcassets; sourceTree = "<group>"; };
		D29EEFD41D7654F6001467C3 /* Base */ = {isa = PBXFileReference; lastKnownFileType = file.storyboard; name = Base; path = Base.lproj/LaunchScreen.storyboard; sourceTree = "<group>"; };
		D29EEFD61D7654F6001467C3 /* Info.plist */ = {isa = PBXFileReference; lastKnownFileType = text.plist.xml; path = Info.plist; sourceTree = "<group>"; };
		D29EEFDB1D7654F7001467C3 /* EthosTests.xctest */ = {isa = PBXFileReference; explicitFileType = wrapper.cfbundle; includeInIndex = 0; path = EthosTests.xctest; sourceTree = BUILT_PRODUCTS_DIR; };
		D29EEFDF1D7654F7001467C3 /* EthosTests.swift */ = {isa = PBXFileReference; lastKnownFileType = sourcecode.swift; path = EthosTests.swift; sourceTree = "<group>"; };
		D29EEFE11D7654F7001467C3 /* Info.plist */ = {isa = PBXFileReference; lastKnownFileType = text.plist.xml; path = Info.plist; sourceTree = "<group>"; };
		D29EEFE61D7654F7001467C3 /* EthosUITests.xctest */ = {isa = PBXFileReference; explicitFileType = wrapper.cfbundle; includeInIndex = 0; path = EthosUITests.xctest; sourceTree = BUILT_PRODUCTS_DIR; };
		D29EEFEA1D7654F7001467C3 /* EthosUITests.swift */ = {isa = PBXFileReference; lastKnownFileType = sourcecode.swift; path = EthosUITests.swift; sourceTree = "<group>"; };
		D29EEFEC1D7654F7001467C3 /* Info.plist */ = {isa = PBXFileReference; lastKnownFileType = text.plist.xml; path = Info.plist; sourceTree = "<group>"; };
		D2A5BD441DA31CF7003FBD42 /* JoinBar.xib */ = {isa = PBXFileReference; fileEncoding = 4; lastKnownFileType = file.xib; path = JoinBar.xib; sourceTree = "<group>"; };
		D2A5BD461DA31DAF003FBD42 /* JoinBar.swift */ = {isa = PBXFileReference; fileEncoding = 4; lastKnownFileType = sourcecode.swift; path = JoinBar.swift; sourceTree = "<group>"; };
		D2B559F31D99D83500F8C7C5 /* PostBoxXib.xib */ = {isa = PBXFileReference; fileEncoding = 4; lastKnownFileType = file.xib; path = PostBoxXib.xib; sourceTree = "<group>"; };
		D2B833BA1DA4E0C6009DC536 /* slide.jpeg */ = {isa = PBXFileReference; lastKnownFileType = image.jpeg; path = slide.jpeg; sourceTree = "<group>"; };
		D2B833BC1DA4E16A009DC536 /* slide2.PNG */ = {isa = PBXFileReference; lastKnownFileType = image.png; path = slide2.PNG; sourceTree = "<group>"; };
		D2B833BE1DA4E192009DC536 /* slide3.PNG */ = {isa = PBXFileReference; lastKnownFileType = image.png; path = slide3.PNG; sourceTree = "<group>"; };
		D2B833C01DA4EC61009DC536 /* IntroGroupsTableViewController.swift */ = {isa = PBXFileReference; fileEncoding = 4; lastKnownFileType = sourcecode.swift; path = IntroGroupsTableViewController.swift; sourceTree = "<group>"; };
		D2C2B1C71DA4B81700356F4B /* more.png */ = {isa = PBXFileReference; lastKnownFileType = image.png; path = more.png; sourceTree = "<group>"; };
		D2CCB5711D9721B200AD0FED /* OneCardViewController.swift */ = {isa = PBXFileReference; fileEncoding = 4; lastKnownFileType = sourcecode.swift; path = OneCardViewController.swift; sourceTree = "<group>"; };
		D2CCB5731D9756B500AD0FED /* ic_people.png */ = {isa = PBXFileReference; lastKnownFileType = image.png; path = ic_people.png; sourceTree = "<group>"; };
		D2CCB5751D97574400AD0FED /* GroupTableViewCell.swift */ = {isa = PBXFileReference; fileEncoding = 4; lastKnownFileType = sourcecode.swift; path = GroupTableViewCell.swift; sourceTree = "<group>"; };
		D2CCB5771D975ABF00AD0FED /* GroupTableViewController.swift */ = {isa = PBXFileReference; fileEncoding = 4; lastKnownFileType = sourcecode.swift; path = GroupTableViewController.swift; sourceTree = "<group>"; };
		D2CCB5791D97609E00AD0FED /* GroupCard.swift */ = {isa = PBXFileReference; fileEncoding = 4; lastKnownFileType = sourcecode.swift; path = GroupCard.swift; sourceTree = "<group>"; };
		D2CCB57B1D984C2900AD0FED /* EthosAPI.swift */ = {isa = PBXFileReference; fileEncoding = 4; lastKnownFileType = sourcecode.swift; path = EthosAPI.swift; sourceTree = "<group>"; };
		D2D6541A1DA6FC3500B73859 /* TermsView.xib */ = {isa = PBXFileReference; fileEncoding = 4; lastKnownFileType = file.xib; path = TermsView.xib; sourceTree = "<group>"; };
		D2D6541C1DA7066800B73859 /* MessageUI.framework */ = {isa = PBXFileReference; lastKnownFileType = wrapper.framework; name = MessageUI.framework; path = System/Library/Frameworks/MessageUI.framework; sourceTree = SDKROOT; };
		D2DE1A621DA6F33F00226509 /* newshot.jpg */ = {isa = PBXFileReference; lastKnownFileType = image.jpeg; path = newshot.jpg; sourceTree = "<group>"; };
		D2E552121D9B9C4200F4F9B6 /* GroupViewController.swift */ = {isa = PBXFileReference; fileEncoding = 4; lastKnownFileType = sourcecode.swift; path = GroupViewController.swift; sourceTree = "<group>"; };
		D2E880751D9F1CF900C7C83A /* SafariServices.framework */ = {isa = PBXFileReference; lastKnownFileType = wrapper.framework; name = SafariServices.framework; path = System/Library/Frameworks/SafariServices.framework; sourceTree = SDKROOT; };
		D2E880771D9F8C0C00C7C83A /* EmojiBar.xib */ = {isa = PBXFileReference; fileEncoding = 4; lastKnownFileType = file.xib; name = EmojiBar.xib; path = ../EmojiBar.xib; sourceTree = "<group>"; };
		D2E880791D9F8D8200C7C83A /* EmojiBar.swift */ = {isa = PBXFileReference; fileEncoding = 4; lastKnownFileType = sourcecode.swift; name = EmojiBar.swift; path = ../EmojiBar.swift; sourceTree = "<group>"; };
		D2E8807B1DA0724500C7C83A /* ic_plus.png */ = {isa = PBXFileReference; lastKnownFileType = image.png; path = ic_plus.png; sourceTree = "<group>"; };
		D2E8807D1DA072F100C7C83A /* ic_person.png */ = {isa = PBXFileReference; lastKnownFileType = image.png; path = ic_person.png; sourceTree = "<group>"; };
		D2E880851DA0814400C7C83A /* ProfileViewController.swift */ = {isa = PBXFileReference; fileEncoding = 4; lastKnownFileType = sourcecode.swift; path = ProfileViewController.swift; sourceTree = "<group>"; };
		D2E880871DA081C500C7C83A /* ic_add_white.png */ = {isa = PBXFileReference; lastKnownFileType = image.png; path = ic_add_white.png; sourceTree = "<group>"; };
		D2E880891DA0890100C7C83A /* SearchGroupsTableViewController.swift */ = {isa = PBXFileReference; fileEncoding = 4; lastKnownFileType = sourcecode.swift; path = SearchGroupsTableViewController.swift; sourceTree = "<group>"; };
		D2E8808B1DA0D21100C7C83A /* SearchGroupsViewController.swift */ = {isa = PBXFileReference; fileEncoding = 4; lastKnownFileType = sourcecode.swift; path = SearchGroupsViewController.swift; sourceTree = "<group>"; };
		D2FBDE2E1D9E36C300378954 /* ic_send.png */ = {isa = PBXFileReference; lastKnownFileType = image.png; path = ic_send.png; sourceTree = "<group>"; };
		D2FBDE301D9E3BFC00378954 /* ic_send_2x.png */ = {isa = PBXFileReference; lastKnownFileType = image.png; path = ic_send_2x.png; sourceTree = "<group>"; };
		D2FE65C51DA4BF2A004AD30B /* IntroViewController.swift */ = {isa = PBXFileReference; fileEncoding = 4; lastKnownFileType = sourcecode.swift; path = IntroViewController.swift; sourceTree = "<group>"; };
		EBECA746F313E81612116607 /* Pods-Ethos.release.xcconfig */ = {isa = PBXFileReference; includeInIndex = 1; lastKnownFileType = text.xcconfig; name = "Pods-Ethos.release.xcconfig"; path = "Pods/Target Support Files/Pods-Ethos/Pods-Ethos.release.xcconfig"; sourceTree = "<group>"; };
		F1E4131FA4F219398830924E /* Pods-EthosUITests.release.xcconfig */ = {isa = PBXFileReference; includeInIndex = 1; lastKnownFileType = text.xcconfig; name = "Pods-EthosUITests.release.xcconfig"; path = "Pods/Target Support Files/Pods-EthosUITests/Pods-EthosUITests.release.xcconfig"; sourceTree = "<group>"; };
/* End PBXFileReference section */

/* Begin PBXFrameworksBuildPhase section */
		D29EEFC41D7654F6001467C3 /* Frameworks */ = {
			isa = PBXFrameworksBuildPhase;
			buildActionMask = 2147483647;
			files = (
				D2D6541D1DA7066800B73859 /* MessageUI.framework in Frameworks */,
				D2E880761D9F1CF900C7C83A /* SafariServices.framework in Frameworks */,
				D25DCF9E1D98BC0B000A98CF /* PushKit.framework in Frameworks */,
				D293CD521D8A108500F78828 /* Accelerate.framework in Frameworks */,
				D293CD501D8A108000F78828 /* CoreGraphics.framework in Frameworks */,
				D293CD4E1D8A107B00F78828 /* QuartzCore.framework in Frameworks */,
				D209B94C1D829BB10060F135 /* CFNetwork.framework in Frameworks */,
				D22419141D7922030093302D /* WebKit.framework in Frameworks */,
				D275BBBC1D82439D0052152D /* FBSDKCoreKit.framework in Frameworks */,
				D275BBBD1D82439E0052152D /* FBSDKLoginKit.framework in Frameworks */,
				D26A175A1D8246C9004933B2 /* Bolts.framework in Frameworks */,
				B1CCCB47CA49AD88C8D9F405 /* Pods_Ethos.framework in Frameworks */,
			);
			runOnlyForDeploymentPostprocessing = 0;
		};
		D29EEFD81D7654F7001467C3 /* Frameworks */ = {
			isa = PBXFrameworksBuildPhase;
			buildActionMask = 2147483647;
			files = (
				E803E7080D19883366BE6917 /* Pods_EthosTests.framework in Frameworks */,
			);
			runOnlyForDeploymentPostprocessing = 0;
		};
		D29EEFE31D7654F7001467C3 /* Frameworks */ = {
			isa = PBXFrameworksBuildPhase;
			buildActionMask = 2147483647;
			files = (
				BCE430A004D70F33175F7AD1 /* Pods_EthosUITests.framework in Frameworks */,
			);
			runOnlyForDeploymentPostprocessing = 0;
		};
/* End PBXFrameworksBuildPhase section */

/* Begin PBXGroup section */
		C69E5665C12378583D1AFECB /* Frameworks */ = {
			isa = PBXGroup;
			children = (
				D2D6541C1DA7066800B73859 /* MessageUI.framework */,
				D2E880751D9F1CF900C7C83A /* SafariServices.framework */,
				D25DCF9D1D98BC0B000A98CF /* PushKit.framework */,
				D25DCF9B1D98A520000A98CF /* GoogleService-Info.plist */,
				D275BBBB1D82439D0052152D /* FBSDKLoginKit.framework */,
				D275BBBA1D82439D0052152D /* FBSDKCoreKit.framework */,
				D26A17591D8246C9004933B2 /* Bolts.framework */,
				D293CD511D8A108500F78828 /* Accelerate.framework */,
				D293CD4F1D8A108000F78828 /* CoreGraphics.framework */,
				D293CD4D1D8A107B00F78828 /* QuartzCore.framework */,
				D209B94B1D829BB10060F135 /* CFNetwork.framework */,
				D22419131D7922030093302D /* WebKit.framework */,
				46587488D12BA0BDB6BD86EC /* Pods_Ethos.framework */,
				C210F9CE639AC170305AF28D /* Pods_EthosTests.framework */,
				67C2F7A290D59FA73DCB7562 /* Pods_EthosUITests.framework */,
			);
			name = Frameworks;
			sourceTree = "<group>";
		};
		C94F57B809E23832E23CAA4F /* Pods */ = {
			isa = PBXGroup;
			children = (
				915EAEE4B8B7C4355B43A99E /* Pods-Ethos.debug.xcconfig */,
				EBECA746F313E81612116607 /* Pods-Ethos.release.xcconfig */,
				445AF566C16ED71FB9A28DC0 /* Pods-EthosTests.debug.xcconfig */,
				BED51C939254871AEDA554E7 /* Pods-EthosTests.release.xcconfig */,
				5408AA4EDCFAE0D5E1DCCE72 /* Pods-EthosUITests.debug.xcconfig */,
				F1E4131FA4F219398830924E /* Pods-EthosUITests.release.xcconfig */,
			);
			name = Pods;
			sourceTree = "<group>";
		};
		D26F93F51D971D45004657B9 /* Modules */ = {
			isa = PBXGroup;
			children = (
				D275BBA61D808D2E0052152D /* PostBox.swift */,
				D2983D221D7791D300D79F54 /* BarButton.swift */,
				D214F4E31D93A3810059F8CB /* OPCard.swift */,
				D214F4A31D9355EB0059F8CB /* LnikViewer.swift */,
				D2385CE01D77C95C0086FADC /* PostCard.swift */,
				D2CCB5791D97609E00AD0FED /* GroupCard.swift */,
			);
			name = Modules;
			path = Ethos;
			sourceTree = "<group>";
		};
		D26F93F61D971D6D004657B9 /* Resources */ = {
			isa = PBXGroup;
			children = (
				D290329E1D90CDF300DAFD9F /* Ethos.entitlements */,
				D29EEFD11D7654F6001467C3 /* Assets.xcassets */,
				D29EEFD61D7654F6001467C3 /* Info.plist */,
				D2385CE21D7812610086FADC /* Auth0.plist */,
				D24604071D9CEA6300327386 /* mba.wav */,
				D2CCB57B1D984C2900AD0FED /* EthosAPI.swift */,
			);
			name = Resources;
			path = Ethos;
			sourceTree = "<group>";
		};
		D26F93F71D971DB6004657B9 /* Storyboards */ = {
			isa = PBXGroup;
			children = (
				D29EEFD31D7654F6001467C3 /* LaunchScreen.storyboard */,
				D2B559F31D99D83500F8C7C5 /* PostBoxXib.xib */,
				D24DB4C41DA1F2F10040D079 /* GroupRecommend.xib */,
				D24DB4C61DA1F42A0040D079 /* GroupRecommend.swift */,
				D2A5BD441DA31CF7003FBD42 /* JoinBar.xib */,
				D2A5BD461DA31DAF003FBD42 /* JoinBar.swift */,
				D214F4E11D93A1B80059F8CB /* PostXib.xib */,
				D214F4A11D93518A0059F8CB /* LinkViewBox.xib */,
				D2E880771D9F8C0C00C7C83A /* EmojiBar.xib */,
				D2E880791D9F8D8200C7C83A /* EmojiBar.swift */,
			);
			name = Storyboards;
			path = Ethos;
			sourceTree = "<group>";
		};
		D26F93F81D971DF3004657B9 /* Fonts */ = {
			isa = PBXGroup;
			children = (
				D275BBAE1D80CCF60052152D /* Raleway-Italic.ttf */,
				D2983CD61D767D6100D79F54 /* rale_bold.ttf */,
				D2983CD71D767D6100D79F54 /* rale_light.ttf */,
				D2983CD81D767D6100D79F54 /* lobster.otf */,
				D2983CD41D767D6000D79F54 /* rale_reg.ttf */,
				D2983CD51D767D6100D79F54 /* rale_thin.ttf */,
			);
			name = Fonts;
			path = Ethos;
			sourceTree = "<group>";
		};
		D29EEFBE1D7654F6001467C3 = {
			isa = PBXGroup;
			children = (
				D29EEFC91D7654F6001467C3 /* Ethos */,
				D2C2B1C61DA441DC00356F4B /* Cells */,
				D2CCB5701D97208A00AD0FED /* Images */,
				D26F93F81D971DF3004657B9 /* Fonts */,
				D26F93F61D971D6D004657B9 /* Resources */,
				D26F93F71D971DB6004657B9 /* Storyboards */,
				D26F93F51D971D45004657B9 /* Modules */,
				D29EEFDE1D7654F7001467C3 /* EthosTests */,
				D29EEFE91D7654F7001467C3 /* EthosUITests */,
				D29EEFC81D7654F6001467C3 /* Products */,
				C94F57B809E23832E23CAA4F /* Pods */,
				C69E5665C12378583D1AFECB /* Frameworks */,
			);
			sourceTree = "<group>";
		};
		D29EEFC81D7654F6001467C3 /* Products */ = {
			isa = PBXGroup;
			children = (
				D29EEFC71D7654F6001467C3 /* Ethos.app */,
				D29EEFDB1D7654F7001467C3 /* EthosTests.xctest */,
				D29EEFE61D7654F7001467C3 /* EthosUITests.xctest */,
			);
			name = Products;
			sourceTree = "<group>";
		};
		D29EEFC91D7654F6001467C3 /* Ethos */ = {
			isa = PBXGroup;
			children = (
				D29EEFCE1D7654F6001467C3 /* Main.storyboard */,
				D24922131DA80DC5002C6DE5 /* CreateGroupViewController.swift */,
				D2B833C01DA4EC61009DC536 /* IntroGroupsTableViewController.swift */,
				D2FE65C51DA4BF2A004AD30B /* IntroViewController.swift */,
				D2CCB5711D9721B200AD0FED /* OneCardViewController.swift */,
				D29EEFCA1D7654F6001467C3 /* AppDelegate.swift */,
				D275BBB81D82425A0052152D /* LoginViewController.swift */,
				D2E880851DA0814400C7C83A /* ProfileViewController.swift */,
				D2983CD21D765CC700D79F54 /* CardStackTableViewController.swift */,
				D2CCB5771D975ABF00AD0FED /* GroupTableViewController.swift */,
				D2E8808B1DA0D21100C7C83A /* SearchGroupsViewController.swift */,
				D2E552121D9B9C4200F4F9B6 /* GroupViewController.swift */,
				D275BBB01D80F84A0052152D /* NotifyTableViewController.swift */,
				D2E880891DA0890100C7C83A /* SearchGroupsTableViewController.swift */,
				D29EEFCC1D7654F6001467C3 /* ViewController.swift */,
				D2D6541A1DA6FC3500B73859 /* TermsView.xib */,
			);
			path = Ethos;
			sourceTree = "<group>";
		};
		D29EEFDE1D7654F7001467C3 /* EthosTests */ = {
			isa = PBXGroup;
			children = (
				D29EEFDF1D7654F7001467C3 /* EthosTests.swift */,
				D29EEFE11D7654F7001467C3 /* Info.plist */,
			);
			path = EthosTests;
			sourceTree = "<group>";
		};
		D29EEFE91D7654F7001467C3 /* EthosUITests */ = {
			isa = PBXGroup;
			children = (
				D29EEFEA1D7654F7001467C3 /* EthosUITests.swift */,
				D29EEFEC1D7654F7001467C3 /* Info.plist */,
			);
			path = EthosUITests;
			sourceTree = "<group>";
		};
		D2C2B1C61DA441DC00356F4B /* Cells */ = {
			isa = PBXGroup;
			children = (
				D2983CDE1D768D3200D79F54 /* BizCardTableViewCell.swift */,
				D2CCB5751D97574400AD0FED /* GroupTableViewCell.swift */,
				D26F93F31D971657004657B9 /* NotifTableViewCell.swift */,
			);
			name = Cells;
			path = Ethos;
			sourceTree = "<group>";
		};
		D2CCB5701D97208A00AD0FED /* Images */ = {
			isa = PBXGroup;
			children = (
				D2DE1A621DA6F33F00226509 /* newshot.jpg */,
				D2B833BE1DA4E192009DC536 /* slide3.PNG */,
				D2B833BC1DA4E16A009DC536 /* slide2.PNG */,
				D2B833BA1DA4E0C6009DC536 /* slide.jpeg */,
				D2C2B1C71DA4B81700356F4B /* more.png */,
				D2E880871DA081C500C7C83A /* ic_add_white.png */,
				D2E8807B1DA0724500C7C83A /* ic_plus.png */,
				D2FBDE301D9E3BFC00378954 /* ic_send_2x.png */,
				D2FBDE2E1D9E36C300378954 /* ic_send.png */,
				D2CCB5731D9756B500AD0FED /* ic_people.png */,
				D214F4E71D9453B70059F8CB /* ic_keyboard_backspace_white_2x.png */,
				D20315C11D94A47B00BD9786 /* invalid_image.png */,
				D2983CE21D76A70000D79F54 /* add.png */,
				D2983CE41D76A7C100D79F54 /* book.png */,
				D275BBA81D809FA80052152D /* ic_menu.png */,
				D275BBAA1D80A2EF0052152D /* ic_home.png */,
				D275BBAC1D80A38E0052152D /* ic_textsms.png */,
				D2E8807D1DA072F100C7C83A /* ic_person.png */,
				D28764831D8E24D00002B01A /* icon.png */,
				D275BBB21D823BCC0052152D /* ic_favorite.png */,
				D275BBB41D823C060052152D /* ic_comment.png */,
				D275BBB61D823C200052152D /* ic_favorite_border.png */,
				D210AEAF1D8CA86F00EF96B1 /* ic_link_2x.png */,
				D287647F1D8D3AE80002B01A /* ic_photo_camera_2x.png */,
			);
			name = Images;
			path = Ethos;
			sourceTree = "<group>";
		};
/* End PBXGroup section */

/* Begin PBXNativeTarget section */
		D29EEFC61D7654F6001467C3 /* Ethos */ = {
			isa = PBXNativeTarget;
			buildConfigurationList = D29EEFEF1D7654F7001467C3 /* Build configuration list for PBXNativeTarget "Ethos" */;
			buildPhases = (
				00D53A357CC45DB0E549DD27 /* [CP] Check Pods Manifest.lock */,
				D29EEFC31D7654F6001467C3 /* Sources */,
				D29EEFC41D7654F6001467C3 /* Frameworks */,
				D29EEFC51D7654F6001467C3 /* Resources */,
				A6702C33E9F7C4FDD4CC74AD /* [CP] Embed Pods Frameworks */,
				314401BB447AF17BD2738CEA /* [CP] Copy Pods Resources */,
				D2E880741D9F16EB00C7C83A /* Add Fabric */,
			);
			buildRules = (
			);
			dependencies = (
			);
			name = Ethos;
			productName = Ethos;
			productReference = D29EEFC71D7654F6001467C3 /* Ethos.app */;
			productType = "com.apple.product-type.application";
		};
		D29EEFDA1D7654F7001467C3 /* EthosTests */ = {
			isa = PBXNativeTarget;
			buildConfigurationList = D29EEFF21D7654F7001467C3 /* Build configuration list for PBXNativeTarget "EthosTests" */;
			buildPhases = (
				B7ED44F8BC43F00E925142CC /* [CP] Check Pods Manifest.lock */,
				D29EEFD71D7654F7001467C3 /* Sources */,
				D29EEFD81D7654F7001467C3 /* Frameworks */,
				D29EEFD91D7654F7001467C3 /* Resources */,
				BD0BFB87D52D8241C8B599B5 /* [CP] Embed Pods Frameworks */,
				5CD7D2879BD0D5D343B62B89 /* [CP] Copy Pods Resources */,
			);
			buildRules = (
			);
			dependencies = (
				D29EEFDD1D7654F7001467C3 /* PBXTargetDependency */,
			);
			name = EthosTests;
			productName = EthosTests;
			productReference = D29EEFDB1D7654F7001467C3 /* EthosTests.xctest */;
			productType = "com.apple.product-type.bundle.unit-test";
		};
		D29EEFE51D7654F7001467C3 /* EthosUITests */ = {
			isa = PBXNativeTarget;
			buildConfigurationList = D29EEFF51D7654F7001467C3 /* Build configuration list for PBXNativeTarget "EthosUITests" */;
			buildPhases = (
				DE5865B2A9045D2A42AB302F /* [CP] Check Pods Manifest.lock */,
				D29EEFE21D7654F7001467C3 /* Sources */,
				D29EEFE31D7654F7001467C3 /* Frameworks */,
				D29EEFE41D7654F7001467C3 /* Resources */,
				0765F3548FBB260FC9058FAE /* [CP] Copy Pods Resources */,
				5B1D33C7499FF68C19C4FDDE /* [CP] Embed Pods Frameworks */,
			);
			buildRules = (
			);
			dependencies = (
				D29EEFE81D7654F7001467C3 /* PBXTargetDependency */,
			);
			name = EthosUITests;
			productName = EthosUITests;
			productReference = D29EEFE61D7654F7001467C3 /* EthosUITests.xctest */;
			productType = "com.apple.product-type.bundle.ui-testing";
		};
/* End PBXNativeTarget section */

/* Begin PBXProject section */
		D29EEFBF1D7654F6001467C3 /* Project object */ = {
			isa = PBXProject;
			attributes = {
				LastSwiftUpdateCheck = 0730;
				LastUpgradeCheck = 0730;
				ORGANIZATIONNAME = "Bolt Visual, Inc";
				TargetAttributes = {
					D29EEFC61D7654F6001467C3 = {
						CreatedOnToolsVersion = 7.3;
						DevelopmentTeam = GA54ZS247J;
						LastSwiftMigration = 0800;
						ProvisioningStyle = Automatic;
						SystemCapabilities = {
							com.apple.BackgroundModes = {
								enabled = 1;
							};
							com.apple.Keychain = {
								enabled = 1;
							};
							com.apple.Push = {
								enabled = 1;
							};
						};
					};
					D29EEFDA1D7654F7001467C3 = {
						CreatedOnToolsVersion = 7.3;
						LastSwiftMigration = 0800;
						TestTargetID = D29EEFC61D7654F6001467C3;
					};
					D29EEFE51D7654F7001467C3 = {
						CreatedOnToolsVersion = 7.3;
						LastSwiftMigration = 0800;
						TestTargetID = D29EEFC61D7654F6001467C3;
					};
				};
			};
			buildConfigurationList = D29EEFC21D7654F6001467C3 /* Build configuration list for PBXProject "Ethos" */;
			compatibilityVersion = "Xcode 3.2";
			developmentRegion = English;
			hasScannedForEncodings = 0;
			knownRegions = (
				en,
				Base,
			);
			mainGroup = D29EEFBE1D7654F6001467C3;
			productRefGroup = D29EEFC81D7654F6001467C3 /* Products */;
			projectDirPath = "";
			projectRoot = "";
			targets = (
				D29EEFC61D7654F6001467C3 /* Ethos */,
				D29EEFDA1D7654F7001467C3 /* EthosTests */,
				D29EEFE51D7654F7001467C3 /* EthosUITests */,
			);
		};
/* End PBXProject section */

/* Begin PBXResourcesBuildPhase section */
		D29EEFC51D7654F6001467C3 /* Resources */ = {
			isa = PBXResourcesBuildPhase;
			buildActionMask = 2147483647;
			files = (
				D2B833BD1DA4E16B009DC536 /* slide2.PNG in Resources */,
				D2CCB5741D9756B500AD0FED /* ic_people.png in Resources */,
				D2E8807C1DA0724500C7C83A /* ic_plus.png in Resources */,
				D214F4E21D93A1B80059F8CB /* PostXib.xib in Resources */,
				D275BBAF1D80CD540052152D /* Raleway-Italic.ttf in Resources */,
				D275BBB71D823C200052152D /* ic_favorite_border.png in Resources */,
				D2983CD91D767D6F00D79F54 /* rale_reg.ttf in Resources */,
				D2D6541B1DA6FC3500B73859 /* TermsView.xib in Resources */,
				D2983CDA1D767D6F00D79F54 /* rale_thin.ttf in Resources */,
				D2E880781D9F8C0C00C7C83A /* EmojiBar.xib in Resources */,
				D275BBAD1D80A38E0052152D /* ic_textsms.png in Resources */,
				D2FBDE2F1D9E36C300378954 /* ic_send.png in Resources */,
				D24DB4C51DA1F2F10040D079 /* GroupRecommend.xib in Resources */,
				D275BBA91D809FA80052152D /* ic_menu.png in Resources */,
				D2C2B1C81DA4B81700356F4B /* more.png in Resources */,
				D2983CDB1D767D6F00D79F54 /* rale_bold.ttf in Resources */,
				D2983CE31D76A70000D79F54 /* add.png in Resources */,
				D28764841D8E24D00002B01A /* icon.png in Resources */,
				D24604081D9CEA6300327386 /* mba.wav in Resources */,
				D2983CDC1D767D6F00D79F54 /* rale_light.ttf in Resources */,
				D2B833BB1DA4E0C6009DC536 /* slide.jpeg in Resources */,
				D214F4A21D93518A0059F8CB /* LinkViewBox.xib in Resources */,
				D2B559F41D99D83500F8C7C5 /* PostBoxXib.xib in Resources */,
				D2E880881DA081C500C7C83A /* ic_add_white.png in Resources */,
				D2A5BD451DA31CF7003FBD42 /* JoinBar.xib in Resources */,
				D2983CDD1D767D6F00D79F54 /* lobster.otf in Resources */,
				D210AEB01D8CA86F00EF96B1 /* ic_link_2x.png in Resources */,
				D29EEFD51D7654F6001467C3 /* LaunchScreen.storyboard in Resources */,
				D2385CE31D7812610086FADC /* Auth0.plist in Resources */,
				D29EEFD21D7654F6001467C3 /* Assets.xcassets in Resources */,
				D275BBAB1D80A2EF0052152D /* ic_home.png in Resources */,
				D25DCF9C1D98A520000A98CF /* GoogleService-Info.plist in Resources */,
				D28764801D8D3AE80002B01A /* ic_photo_camera_2x.png in Resources */,
				D275BBB51D823C060052152D /* ic_comment.png in Resources */,
				D275BBB31D823BCC0052152D /* ic_favorite.png in Resources */,
				D2983CE51D76A7C100D79F54 /* book.png in Resources */,
				D20315C21D94A47B00BD9786 /* invalid_image.png in Resources */,
				D2DE1A631DA6F33F00226509 /* newshot.jpg in Resources */,
				D2E8807E1DA072F100C7C83A /* ic_person.png in Resources */,
				D214F4E81D9453B70059F8CB /* ic_keyboard_backspace_white_2x.png in Resources */,
				D2B833BF1DA4E192009DC536 /* slide3.PNG in Resources */,
				D2FBDE311D9E3BFC00378954 /* ic_send_2x.png in Resources */,
				D29EEFD01D7654F6001467C3 /* Main.storyboard in Resources */,
			);
			runOnlyForDeploymentPostprocessing = 0;
		};
		D29EEFD91D7654F7001467C3 /* Resources */ = {
			isa = PBXResourcesBuildPhase;
			buildActionMask = 2147483647;
			files = (
			);
			runOnlyForDeploymentPostprocessing = 0;
		};
		D29EEFE41D7654F7001467C3 /* Resources */ = {
			isa = PBXResourcesBuildPhase;
			buildActionMask = 2147483647;
			files = (
			);
			runOnlyForDeploymentPostprocessing = 0;
		};
/* End PBXResourcesBuildPhase section */

/* Begin PBXShellScriptBuildPhase section */
		00D53A357CC45DB0E549DD27 /* [CP] Check Pods Manifest.lock */ = {
			isa = PBXShellScriptBuildPhase;
			buildActionMask = 2147483647;
			files = (
			);
			inputPaths = (
			);
			name = "[CP] Check Pods Manifest.lock";
			outputPaths = (
			);
			runOnlyForDeploymentPostprocessing = 0;
			shellPath = /bin/sh;
			shellScript = "diff \"${PODS_ROOT}/../Podfile.lock\" \"${PODS_ROOT}/Manifest.lock\" > /dev/null\nif [ $? != 0 ] ; then\n    # print error to STDERR\n    echo \"error: The sandbox is not in sync with the Podfile.lock. Run 'pod install' or update your CocoaPods installation.\" >&2\n    exit 1\nfi\n";
			showEnvVarsInLog = 0;
		};
		0765F3548FBB260FC9058FAE /* [CP] Copy Pods Resources */ = {
			isa = PBXShellScriptBuildPhase;
			buildActionMask = 2147483647;
			files = (
			);
			inputPaths = (
			);
			name = "[CP] Copy Pods Resources";
			outputPaths = (
			);
			runOnlyForDeploymentPostprocessing = 0;
			shellPath = /bin/sh;
			shellScript = "\"${SRCROOT}/Pods/Target Support Files/Pods-EthosUITests/Pods-EthosUITests-resources.sh\"\n";
			showEnvVarsInLog = 0;
		};
		314401BB447AF17BD2738CEA /* [CP] Copy Pods Resources */ = {
			isa = PBXShellScriptBuildPhase;
			buildActionMask = 2147483647;
			files = (
			);
			inputPaths = (
			);
			name = "[CP] Copy Pods Resources";
			outputPaths = (
			);
			runOnlyForDeploymentPostprocessing = 0;
			shellPath = /bin/sh;
			shellScript = "\"${SRCROOT}/Pods/Target Support Files/Pods-Ethos/Pods-Ethos-resources.sh\"\n";
			showEnvVarsInLog = 0;
		};
		5B1D33C7499FF68C19C4FDDE /* [CP] Embed Pods Frameworks */ = {
			isa = PBXShellScriptBuildPhase;
			buildActionMask = 2147483647;
			files = (
			);
			inputPaths = (
			);
			name = "[CP] Embed Pods Frameworks";
			outputPaths = (
			);
			runOnlyForDeploymentPostprocessing = 0;
			shellPath = /bin/sh;
			shellScript = "\"${SRCROOT}/Pods/Target Support Files/Pods-EthosUITests/Pods-EthosUITests-frameworks.sh\"\n";
			showEnvVarsInLog = 0;
		};
		5CD7D2879BD0D5D343B62B89 /* [CP] Copy Pods Resources */ = {
			isa = PBXShellScriptBuildPhase;
			buildActionMask = 2147483647;
			files = (
			);
			inputPaths = (
			);
			name = "[CP] Copy Pods Resources";
			outputPaths = (
			);
			runOnlyForDeploymentPostprocessing = 0;
			shellPath = /bin/sh;
			shellScript = "\"${SRCROOT}/Pods/Target Support Files/Pods-EthosTests/Pods-EthosTests-resources.sh\"\n";
			showEnvVarsInLog = 0;
		};
		A6702C33E9F7C4FDD4CC74AD /* [CP] Embed Pods Frameworks */ = {
			isa = PBXShellScriptBuildPhase;
			buildActionMask = 2147483647;
			files = (
			);
			inputPaths = (
			);
			name = "[CP] Embed Pods Frameworks";
			outputPaths = (
			);
			runOnlyForDeploymentPostprocessing = 0;
			shellPath = /bin/sh;
			shellScript = "\"${SRCROOT}/Pods/Target Support Files/Pods-Ethos/Pods-Ethos-frameworks.sh\"\n";
			showEnvVarsInLog = 0;
		};
		B7ED44F8BC43F00E925142CC /* [CP] Check Pods Manifest.lock */ = {
			isa = PBXShellScriptBuildPhase;
			buildActionMask = 2147483647;
			files = (
			);
			inputPaths = (
			);
			name = "[CP] Check Pods Manifest.lock";
			outputPaths = (
			);
			runOnlyForDeploymentPostprocessing = 0;
			shellPath = /bin/sh;
			shellScript = "diff \"${PODS_ROOT}/../Podfile.lock\" \"${PODS_ROOT}/Manifest.lock\" > /dev/null\nif [ $? != 0 ] ; then\n    # print error to STDERR\n    echo \"error: The sandbox is not in sync with the Podfile.lock. Run 'pod install' or update your CocoaPods installation.\" >&2\n    exit 1\nfi\n";
			showEnvVarsInLog = 0;
		};
		BD0BFB87D52D8241C8B599B5 /* [CP] Embed Pods Frameworks */ = {
			isa = PBXShellScriptBuildPhase;
			buildActionMask = 2147483647;
			files = (
			);
			inputPaths = (
			);
			name = "[CP] Embed Pods Frameworks";
			outputPaths = (
			);
			runOnlyForDeploymentPostprocessing = 0;
			shellPath = /bin/sh;
			shellScript = "\"${SRCROOT}/Pods/Target Support Files/Pods-EthosTests/Pods-EthosTests-frameworks.sh\"\n";
			showEnvVarsInLog = 0;
		};
		D2E880741D9F16EB00C7C83A /* Add Fabric */ = {
			isa = PBXShellScriptBuildPhase;
			buildActionMask = 2147483647;
			files = (
			);
			inputPaths = (
			);
			name = "Add Fabric";
			outputPaths = (
			);
			runOnlyForDeploymentPostprocessing = 0;
			shellPath = /bin/sh;
			shellScript = "${PODS_ROOT}/Fabric/run 0c3937b38896994c6848f1b3df18988a1b15b5d3 0e1275455e036a41ef66c3054fedece66af59607f81e35d09664c490fe2ec606";
		};
		DE5865B2A9045D2A42AB302F /* [CP] Check Pods Manifest.lock */ = {
			isa = PBXShellScriptBuildPhase;
			buildActionMask = 2147483647;
			files = (
			);
			inputPaths = (
			);
			name = "[CP] Check Pods Manifest.lock";
			outputPaths = (
			);
			runOnlyForDeploymentPostprocessing = 0;
			shellPath = /bin/sh;
			shellScript = "diff \"${PODS_ROOT}/../Podfile.lock\" \"${PODS_ROOT}/Manifest.lock\" > /dev/null\nif [ $? != 0 ] ; then\n    # print error to STDERR\n    echo \"error: The sandbox is not in sync with the Podfile.lock. Run 'pod install' or update your CocoaPods installation.\" >&2\n    exit 1\nfi\n";
			showEnvVarsInLog = 0;
		};
/* End PBXShellScriptBuildPhase section */

/* Begin PBXSourcesBuildPhase section */
		D29EEFC31D7654F6001467C3 /* Sources */ = {
			isa = PBXSourcesBuildPhase;
			buildActionMask = 2147483647;
			files = (
				D2E8808C1DA0D21100C7C83A /* SearchGroupsViewController.swift in Sources */,
				D2A5BD471DA31DAF003FBD42 /* JoinBar.swift in Sources */,
				D2E552131D9B9C4200F4F9B6 /* GroupViewController.swift in Sources */,
				D2CCB5721D9721B200AD0FED /* OneCardViewController.swift in Sources */,
				D2CCB57A1D97609E00AD0FED /* GroupCard.swift in Sources */,
				D26F93F41D971657004657B9 /* NotifTableViewCell.swift in Sources */,
				D29EEFCD1D7654F6001467C3 /* ViewController.swift in Sources */,
				D2385CE11D77C95C0086FADC /* PostCard.swift in Sources */,
				D2E880861DA0814400C7C83A /* ProfileViewController.swift in Sources */,
				D214F4E41D93A3810059F8CB /* OPCard.swift in Sources */,
				D2E8807A1D9F8D8200C7C83A /* EmojiBar.swift in Sources */,
				D2983CD31D765CC700D79F54 /* CardStackTableViewController.swift in Sources */,
				D275BBB11D80F84A0052152D /* NotifyTableViewController.swift in Sources */,
				D2CCB5761D97574400AD0FED /* GroupTableViewCell.swift in Sources */,
				D24DB4C71DA1F42A0040D079 /* GroupRecommend.swift in Sources */,
				D2983D231D7791D300D79F54 /* BarButton.swift in Sources */,
				D29EEFCB1D7654F6001467C3 /* AppDelegate.swift in Sources */,
				D2983CDF1D768D3200D79F54 /* BizCardTableViewCell.swift in Sources */,
				D2CCB5781D975ABF00AD0FED /* GroupTableViewController.swift in Sources */,
				D2E8808A1DA0890100C7C83A /* SearchGroupsTableViewController.swift in Sources */,
				D2B833C11DA4EC61009DC536 /* IntroGroupsTableViewController.swift in Sources */,
				D2FE65C61DA4BF2A004AD30B /* IntroViewController.swift in Sources */,
				D214F4A41D9355EB0059F8CB /* LnikViewer.swift in Sources */,
				D24922141DA80DC5002C6DE5 /* CreateGroupViewController.swift in Sources */,
				D2CCB57C1D984C2900AD0FED /* EthosAPI.swift in Sources */,
				D275BBA71D808D2E0052152D /* PostBox.swift in Sources */,
				D275BBB91D82425A0052152D /* LoginViewController.swift in Sources */,
			);
			runOnlyForDeploymentPostprocessing = 0;
		};
		D29EEFD71D7654F7001467C3 /* Sources */ = {
			isa = PBXSourcesBuildPhase;
			buildActionMask = 2147483647;
			files = (
				D29EEFE01D7654F7001467C3 /* EthosTests.swift in Sources */,
				D2D429121D807DFD00188991 /* BarButton.swift in Sources */,
			);
			runOnlyForDeploymentPostprocessing = 0;
		};
		D29EEFE21D7654F7001467C3 /* Sources */ = {
			isa = PBXSourcesBuildPhase;
			buildActionMask = 2147483647;
			files = (
				D29EEFEB1D7654F7001467C3 /* EthosUITests.swift in Sources */,
			);
			runOnlyForDeploymentPostprocessing = 0;
		};
/* End PBXSourcesBuildPhase section */

/* Begin PBXTargetDependency section */
		D29EEFDD1D7654F7001467C3 /* PBXTargetDependency */ = {
			isa = PBXTargetDependency;
			target = D29EEFC61D7654F6001467C3 /* Ethos */;
			targetProxy = D29EEFDC1D7654F7001467C3 /* PBXContainerItemProxy */;
		};
		D29EEFE81D7654F7001467C3 /* PBXTargetDependency */ = {
			isa = PBXTargetDependency;
			target = D29EEFC61D7654F6001467C3 /* Ethos */;
			targetProxy = D29EEFE71D7654F7001467C3 /* PBXContainerItemProxy */;
		};
/* End PBXTargetDependency section */

/* Begin PBXVariantGroup section */
		D29EEFCE1D7654F6001467C3 /* Main.storyboard */ = {
			isa = PBXVariantGroup;
			children = (
				D29EEFCF1D7654F6001467C3 /* Base */,
			);
			name = Main.storyboard;
			sourceTree = "<group>";
		};
		D29EEFD31D7654F6001467C3 /* LaunchScreen.storyboard */ = {
			isa = PBXVariantGroup;
			children = (
				D29EEFD41D7654F6001467C3 /* Base */,
			);
			name = LaunchScreen.storyboard;
			sourceTree = "<group>";
		};
/* End PBXVariantGroup section */

/* Begin XCBuildConfiguration section */
		D29EEFED1D7654F7001467C3 /* Debug */ = {
			isa = XCBuildConfiguration;
			buildSettings = {
				ALWAYS_SEARCH_USER_PATHS = NO;
				CLANG_ANALYZER_NONNULL = YES;
				CLANG_CXX_LANGUAGE_STANDARD = "gnu++0x";
				CLANG_CXX_LIBRARY = "libc++";
				CLANG_ENABLE_MODULES = YES;
				CLANG_ENABLE_OBJC_ARC = YES;
				CLANG_WARN_BOOL_CONVERSION = YES;
				CLANG_WARN_CONSTANT_CONVERSION = YES;
				CLANG_WARN_DIRECT_OBJC_ISA_USAGE = YES_ERROR;
				CLANG_WARN_EMPTY_BODY = YES;
				CLANG_WARN_ENUM_CONVERSION = YES;
				CLANG_WARN_INT_CONVERSION = YES;
				CLANG_WARN_OBJC_ROOT_CLASS = YES_ERROR;
				CLANG_WARN_UNREACHABLE_CODE = YES;
				CLANG_WARN__DUPLICATE_METHOD_MATCH = YES;
				"CODE_SIGN_IDENTITY[sdk=iphoneos*]" = "iPhone Developer";
				COPY_PHASE_STRIP = NO;
				DEBUG_INFORMATION_FORMAT = dwarf;
				ENABLE_STRICT_OBJC_MSGSEND = YES;
				ENABLE_TESTABILITY = YES;
				GCC_C_LANGUAGE_STANDARD = gnu99;
				GCC_DYNAMIC_NO_PIC = NO;
				GCC_NO_COMMON_BLOCKS = YES;
				GCC_OPTIMIZATION_LEVEL = 0;
				GCC_PREPROCESSOR_DEFINITIONS = (
					"DEBUG=1",
					"$(inherited)",
				);
				GCC_WARN_64_TO_32_BIT_CONVERSION = YES;
				GCC_WARN_ABOUT_RETURN_TYPE = YES_ERROR;
				GCC_WARN_UNDECLARED_SELECTOR = YES;
				GCC_WARN_UNINITIALIZED_AUTOS = YES_AGGRESSIVE;
				GCC_WARN_UNUSED_FUNCTION = YES;
				GCC_WARN_UNUSED_VARIABLE = YES;
				IPHONEOS_DEPLOYMENT_TARGET = 9.3;
				MTL_ENABLE_DEBUG_INFO = YES;
				ONLY_ACTIVE_ARCH = YES;
				SDKROOT = iphoneos;
				SWIFT_OPTIMIZATION_LEVEL = "-Onone";
			};
			name = Debug;
		};
		D29EEFEE1D7654F7001467C3 /* Release */ = {
			isa = XCBuildConfiguration;
			buildSettings = {
				ALWAYS_SEARCH_USER_PATHS = NO;
				CLANG_ANALYZER_NONNULL = YES;
				CLANG_CXX_LANGUAGE_STANDARD = "gnu++0x";
				CLANG_CXX_LIBRARY = "libc++";
				CLANG_ENABLE_MODULES = YES;
				CLANG_ENABLE_OBJC_ARC = YES;
				CLANG_WARN_BOOL_CONVERSION = YES;
				CLANG_WARN_CONSTANT_CONVERSION = YES;
				CLANG_WARN_DIRECT_OBJC_ISA_USAGE = YES_ERROR;
				CLANG_WARN_EMPTY_BODY = YES;
				CLANG_WARN_ENUM_CONVERSION = YES;
				CLANG_WARN_INT_CONVERSION = YES;
				CLANG_WARN_OBJC_ROOT_CLASS = YES_ERROR;
				CLANG_WARN_UNREACHABLE_CODE = YES;
				CLANG_WARN__DUPLICATE_METHOD_MATCH = YES;
				"CODE_SIGN_IDENTITY[sdk=iphoneos*]" = "iPhone Developer";
				COPY_PHASE_STRIP = NO;
				DEBUG_INFORMATION_FORMAT = "dwarf-with-dsym";
				ENABLE_NS_ASSERTIONS = NO;
				ENABLE_STRICT_OBJC_MSGSEND = YES;
				GCC_C_LANGUAGE_STANDARD = gnu99;
				GCC_NO_COMMON_BLOCKS = YES;
				GCC_WARN_64_TO_32_BIT_CONVERSION = YES;
				GCC_WARN_ABOUT_RETURN_TYPE = YES_ERROR;
				GCC_WARN_UNDECLARED_SELECTOR = YES;
				GCC_WARN_UNINITIALIZED_AUTOS = YES_AGGRESSIVE;
				GCC_WARN_UNUSED_FUNCTION = YES;
				GCC_WARN_UNUSED_VARIABLE = YES;
				IPHONEOS_DEPLOYMENT_TARGET = 9.3;
				MTL_ENABLE_DEBUG_INFO = NO;
				SDKROOT = iphoneos;
				VALIDATE_PRODUCT = YES;
			};
			name = Release;
		};
		D29EEFF01D7654F7001467C3 /* Debug */ = {
			isa = XCBuildConfiguration;
			baseConfigurationReference = 915EAEE4B8B7C4355B43A99E /* Pods-Ethos.debug.xcconfig */;
			buildSettings = {
				ASSETCATALOG_COMPILER_APPICON_NAME = AppIcon;
				CLANG_ENABLE_MODULES = YES;
				CODE_SIGN_ENTITLEMENTS = Ethos/Ethos.entitlements;
				CODE_SIGN_IDENTITY = "iPhone Developer: Scott Fitsimones (2GAP3JMT5W)";
				"CODE_SIGN_IDENTITY[sdk=iphoneos*]" = "iPhone Developer";
				DEVELOPMENT_TEAM = GA54ZS247J;
				FRAMEWORK_SEARCH_PATHS = (
					"$(inherited)",
					"$(PROJECT_DIR)/Ethos",
					"$(PROJECT_DIR)",
				);
				GCC_GENERATE_DEBUGGING_SYMBOLS = NO;
				INFOPLIST_FILE = Ethos/Info.plist;
				LD_RUNPATH_SEARCH_PATHS = "$(inherited) @executable_path/Frameworks";
				PRODUCT_BUNDLE_IDENTIFIER = com.ethos.app;
				PRODUCT_NAME = "$(TARGET_NAME)";
				SWIFT_OBJC_BRIDGING_HEADER = "Obj-CBridge.h";
				SWIFT_OPTIMIZATION_LEVEL = "-Onone";
				SWIFT_VERSION = 3.0;
			};
			name = Debug;
		};
		D29EEFF11D7654F7001467C3 /* Release */ = {
			isa = XCBuildConfiguration;
			baseConfigurationReference = EBECA746F313E81612116607 /* Pods-Ethos.release.xcconfig */;
			buildSettings = {
				ASSETCATALOG_COMPILER_APPICON_NAME = AppIcon;
				CLANG_ENABLE_MODULES = YES;
				CODE_SIGN_ENTITLEMENTS = Ethos/Ethos.entitlements;
				CODE_SIGN_IDENTITY = "iPhone Developer: Scott Fitsimones (2GAP3JMT5W)";
				"CODE_SIGN_IDENTITY[sdk=iphoneos*]" = "iPhone Developer";
				DEVELOPMENT_TEAM = GA54ZS247J;
				FRAMEWORK_SEARCH_PATHS = (
					"$(inherited)",
					"$(PROJECT_DIR)/Ethos",
					"$(PROJECT_DIR)",
				);
				GCC_GENERATE_DEBUGGING_SYMBOLS = NO;
				INFOPLIST_FILE = Ethos/Info.plist;
				LD_RUNPATH_SEARCH_PATHS = "$(inherited) @executable_path/Frameworks";
				PRODUCT_BUNDLE_IDENTIFIER = com.ethos.app;
				PRODUCT_NAME = "$(TARGET_NAME)";
				SWIFT_OBJC_BRIDGING_HEADER = "Obj-CBridge.h";
				SWIFT_VERSION = 3.0;
			};
			name = Release;
		};
		D29EEFF31D7654F7001467C3 /* Debug */ = {
			isa = XCBuildConfiguration;
			baseConfigurationReference = 445AF566C16ED71FB9A28DC0 /* Pods-EthosTests.debug.xcconfig */;
			buildSettings = {
				BUNDLE_LOADER = "$(TEST_HOST)";
				INFOPLIST_FILE = EthosTests/Info.plist;
				LD_RUNPATH_SEARCH_PATHS = "$(inherited) @executable_path/Frameworks @loader_path/Frameworks";
				PRODUCT_BUNDLE_IDENTIFIER = com.boltvisual.ethos.EthosTests;
				PRODUCT_NAME = "$(TARGET_NAME)";
				SWIFT_VERSION = 3.0;
				TEST_HOST = "$(BUILT_PRODUCTS_DIR)/Ethos.app/Ethos";
			};
			name = Debug;
		};
		D29EEFF41D7654F7001467C3 /* Release */ = {
			isa = XCBuildConfiguration;
			baseConfigurationReference = BED51C939254871AEDA554E7 /* Pods-EthosTests.release.xcconfig */;
			buildSettings = {
				BUNDLE_LOADER = "$(TEST_HOST)";
				INFOPLIST_FILE = EthosTests/Info.plist;
				LD_RUNPATH_SEARCH_PATHS = "$(inherited) @executable_path/Frameworks @loader_path/Frameworks";
				PRODUCT_BUNDLE_IDENTIFIER = com.boltvisual.ethos.EthosTests;
				PRODUCT_NAME = "$(TARGET_NAME)";
				SWIFT_VERSION = 3.0;
				TEST_HOST = "$(BUILT_PRODUCTS_DIR)/Ethos.app/Ethos";
			};
			name = Release;
		};
		D29EEFF61D7654F7001467C3 /* Debug */ = {
			isa = XCBuildConfiguration;
			baseConfigurationReference = 5408AA4EDCFAE0D5E1DCCE72 /* Pods-EthosUITests.debug.xcconfig */;
			buildSettings = {
				INFOPLIST_FILE = EthosUITests/Info.plist;
				LD_RUNPATH_SEARCH_PATHS = "$(inherited) @executable_path/Frameworks @loader_path/Frameworks";
				PRODUCT_BUNDLE_IDENTIFIER = com.boltvisual.ethos.EthosUITests;
				PRODUCT_NAME = "$(TARGET_NAME)";
				SWIFT_VERSION = 3.0;
				TEST_TARGET_NAME = Ethos;
			};
			name = Debug;
		};
		D29EEFF71D7654F7001467C3 /* Release */ = {
			isa = XCBuildConfiguration;
			baseConfigurationReference = F1E4131FA4F219398830924E /* Pods-EthosUITests.release.xcconfig */;
			buildSettings = {
				INFOPLIST_FILE = EthosUITests/Info.plist;
				LD_RUNPATH_SEARCH_PATHS = "$(inherited) @executable_path/Frameworks @loader_path/Frameworks";
				PRODUCT_BUNDLE_IDENTIFIER = com.boltvisual.ethos.EthosUITests;
				PRODUCT_NAME = "$(TARGET_NAME)";
				SWIFT_VERSION = 3.0;
				TEST_TARGET_NAME = Ethos;
			};
			name = Release;
		};
/* End XCBuildConfiguration section */

/* Begin XCConfigurationList section */
		D29EEFC21D7654F6001467C3 /* Build configuration list for PBXProject "Ethos" */ = {
			isa = XCConfigurationList;
			buildConfigurations = (
				D29EEFED1D7654F7001467C3 /* Debug */,
				D29EEFEE1D7654F7001467C3 /* Release */,
			);
			defaultConfigurationIsVisible = 0;
			defaultConfigurationName = Release;
		};
		D29EEFEF1D7654F7001467C3 /* Build configuration list for PBXNativeTarget "Ethos" */ = {
			isa = XCConfigurationList;
			buildConfigurations = (
				D29EEFF01D7654F7001467C3 /* Debug */,
				D29EEFF11D7654F7001467C3 /* Release */,
			);
			defaultConfigurationIsVisible = 0;
			defaultConfigurationName = Release;
		};
		D29EEFF21D7654F7001467C3 /* Build configuration list for PBXNativeTarget "EthosTests" */ = {
			isa = XCConfigurationList;
			buildConfigurations = (
				D29EEFF31D7654F7001467C3 /* Debug */,
				D29EEFF41D7654F7001467C3 /* Release */,
			);
			defaultConfigurationIsVisible = 0;
			defaultConfigurationName = Release;
		};
		D29EEFF51D7654F7001467C3 /* Build configuration list for PBXNativeTarget "EthosUITests" */ = {
			isa = XCConfigurationList;
			buildConfigurations = (
				D29EEFF61D7654F7001467C3 /* Debug */,
				D29EEFF71D7654F7001467C3 /* Release */,
			);
			defaultConfigurationIsVisible = 0;
			defaultConfigurationName = Release;
		};
/* End XCConfigurationList section */
	};
	rootObject = D29EEFBF1D7654F6001467C3 /* Project object */;
}
